// !$*UTF8*$!
{
	archiveVersion = 1;
	classes = {
	};
	objectVersion = 55;
	objects = {

/* Begin PBXBuildFile section */
		B3A94E0728D9B1AA00BA2CD6 /* AppDelegate.swift in Sources */ = {isa = PBXBuildFile; fileRef = B3A94E0628D9B1AA00BA2CD6 /* AppDelegate.swift */; };
		B3A94E0928D9B1AA00BA2CD6 /* SceneDelegate.swift in Sources */ = {isa = PBXBuildFile; fileRef = B3A94E0828D9B1AA00BA2CD6 /* SceneDelegate.swift */; };
		B3A94E0B28D9B1AA00BA2CD6 /* ViewController.swift in Sources */ = {isa = PBXBuildFile; fileRef = B3A94E0A28D9B1AA00BA2CD6 /* ViewController.swift */; };
		B3A94E0E28D9B1AA00BA2CD6 /* Main.storyboard in Resources */ = {isa = PBXBuildFile; fileRef = B3A94E0C28D9B1AA00BA2CD6 /* Main.storyboard */; };
		B3A94E1028D9B1AB00BA2CD6 /* Assets.xcassets in Resources */ = {isa = PBXBuildFile; fileRef = B3A94E0F28D9B1AB00BA2CD6 /* Assets.xcassets */; };
		B3A94E1328D9B1AB00BA2CD6 /* LaunchScreen.storyboard in Resources */ = {isa = PBXBuildFile; fileRef = B3A94E1128D9B1AB00BA2CD6 /* LaunchScreen.storyboard */; };
		B3A94E1E28D9B1AC00BA2CD6 /* Artists_appTests.swift in Sources */ = {isa = PBXBuildFile; fileRef = B3A94E1D28D9B1AC00BA2CD6 /* Artists_appTests.swift */; };
		B3A94E2828D9B1AC00BA2CD6 /* Artists_appUITests.swift in Sources */ = {isa = PBXBuildFile; fileRef = B3A94E2728D9B1AC00BA2CD6 /* Artists_appUITests.swift */; };
		B3A94E2A28D9B1AC00BA2CD6 /* Artists_appUITestsLaunchTests.swift in Sources */ = {isa = PBXBuildFile; fileRef = B3A94E2928D9B1AC00BA2CD6 /* Artists_appUITestsLaunchTests.swift */; };
		B3A94E4328D9B51800BA2CD6 /* FMDatabaseAdditions.m in Sources */ = {isa = PBXBuildFile; fileRef = B3A94E3928D9B51800BA2CD6 /* FMDatabaseAdditions.m */; };
		B3A94E4428D9B51800BA2CD6 /* FMDatabase.m in Sources */ = {isa = PBXBuildFile; fileRef = B3A94E3C28D9B51800BA2CD6 /* FMDatabase.m */; };
		B3A94E4528D9B51800BA2CD6 /* bayrakquiz.sqlite in Resources */ = {isa = PBXBuildFile; fileRef = B3A94E3F28D9B51800BA2CD6 /* bayrakquiz.sqlite */; };
		B3A94E4628D9B51800BA2CD6 /* FMDatabasePool.m in Sources */ = {isa = PBXBuildFile; fileRef = B3A94E4028D9B51800BA2CD6 /* FMDatabasePool.m */; };
		B3A94E4728D9B51800BA2CD6 /* FMResultSet.m in Sources */ = {isa = PBXBuildFile; fileRef = B3A94E4128D9B51800BA2CD6 /* FMResultSet.m */; };
		B3A94E4828D9B51800BA2CD6 /* FMDatabaseQueue.m in Sources */ = {isa = PBXBuildFile; fileRef = B3A94E4228D9B51800BA2CD6 /* FMDatabaseQueue.m */; };
		B3A94E4A28D9B54800BA2CD6 /* artists.sqlite in Resources */ = {isa = PBXBuildFile; fileRef = B3A94E4928D9B54800BA2CD6 /* artists.sqlite */; };
		B3A94E4C28D9B5CC00BA2CD6 /* QuizScreenViewController.swift in Sources */ = {isa = PBXBuildFile; fileRef = B3A94E4B28D9B5CC00BA2CD6 /* QuizScreenViewController.swift */; };
		B3A94E4E28D9B5EC00BA2CD6 /* ResultScreenViewController.swift in Sources */ = {isa = PBXBuildFile; fileRef = B3A94E4D28D9B5EC00BA2CD6 /* ResultScreenViewController.swift */; };
		B3A94E5028D9DE6900BA2CD6 /* Artists.swift in Sources */ = {isa = PBXBuildFile; fileRef = B3A94E4F28D9DE6900BA2CD6 /* Artists.swift */; };
		B3A94E5228D9DEB200BA2CD6 /* Artistsdao.swift in Sources */ = {isa = PBXBuildFile; fileRef = B3A94E5128D9DEB200BA2CD6 /* Artistsdao.swift */; };
/* End PBXBuildFile section */

/* Begin PBXContainerItemProxy section */
		B3A94E1A28D9B1AC00BA2CD6 /* PBXContainerItemProxy */ = {
			isa = PBXContainerItemProxy;
			containerPortal = B3A94DFB28D9B1AA00BA2CD6 /* Project object */;
			proxyType = 1;
			remoteGlobalIDString = B3A94E0228D9B1AA00BA2CD6;
			remoteInfo = "Artists-app";
		};
		B3A94E2428D9B1AC00BA2CD6 /* PBXContainerItemProxy */ = {
			isa = PBXContainerItemProxy;
			containerPortal = B3A94DFB28D9B1AA00BA2CD6 /* Project object */;
			proxyType = 1;
			remoteGlobalIDString = B3A94E0228D9B1AA00BA2CD6;
			remoteInfo = "Artists-app";
		};
/* End PBXContainerItemProxy section */

/* Begin PBXFileReference section */
		B3A94E0328D9B1AA00BA2CD6 /* Artists-app.app */ = {isa = PBXFileReference; explicitFileType = wrapper.application; includeInIndex = 0; path = "Artists-app.app"; sourceTree = BUILT_PRODUCTS_DIR; };
		B3A94E0628D9B1AA00BA2CD6 /* AppDelegate.swift */ = {isa = PBXFileReference; lastKnownFileType = sourcecode.swift; path = AppDelegate.swift; sourceTree = "<group>"; };
		B3A94E0828D9B1AA00BA2CD6 /* SceneDelegate.swift */ = {isa = PBXFileReference; lastKnownFileType = sourcecode.swift; path = SceneDelegate.swift; sourceTree = "<group>"; };
		B3A94E0A28D9B1AA00BA2CD6 /* ViewController.swift */ = {isa = PBXFileReference; lastKnownFileType = sourcecode.swift; path = ViewController.swift; sourceTree = "<group>"; };
		B3A94E0D28D9B1AA00BA2CD6 /* Base */ = {isa = PBXFileReference; lastKnownFileType = file.storyboard; name = Base; path = Base.lproj/Main.storyboard; sourceTree = "<group>"; };
		B3A94E0F28D9B1AB00BA2CD6 /* Assets.xcassets */ = {isa = PBXFileReference; lastKnownFileType = folder.assetcatalog; path = Assets.xcassets; sourceTree = "<group>"; };
		B3A94E1228D9B1AB00BA2CD6 /* Base */ = {isa = PBXFileReference; lastKnownFileType = file.storyboard; name = Base; path = Base.lproj/LaunchScreen.storyboard; sourceTree = "<group>"; };
		B3A94E1428D9B1AB00BA2CD6 /* Info.plist */ = {isa = PBXFileReference; lastKnownFileType = text.plist.xml; path = Info.plist; sourceTree = "<group>"; };
		B3A94E1928D9B1AC00BA2CD6 /* Artists-appTests.xctest */ = {isa = PBXFileReference; explicitFileType = wrapper.cfbundle; includeInIndex = 0; path = "Artists-appTests.xctest"; sourceTree = BUILT_PRODUCTS_DIR; };
		B3A94E1D28D9B1AC00BA2CD6 /* Artists_appTests.swift */ = {isa = PBXFileReference; lastKnownFileType = sourcecode.swift; path = Artists_appTests.swift; sourceTree = "<group>"; };
		B3A94E2328D9B1AC00BA2CD6 /* Artists-appUITests.xctest */ = {isa = PBXFileReference; explicitFileType = wrapper.cfbundle; includeInIndex = 0; path = "Artists-appUITests.xctest"; sourceTree = BUILT_PRODUCTS_DIR; };
		B3A94E2728D9B1AC00BA2CD6 /* Artists_appUITests.swift */ = {isa = PBXFileReference; lastKnownFileType = sourcecode.swift; path = Artists_appUITests.swift; sourceTree = "<group>"; };
		B3A94E2928D9B1AC00BA2CD6 /* Artists_appUITestsLaunchTests.swift */ = {isa = PBXFileReference; lastKnownFileType = sourcecode.swift; path = Artists_appUITestsLaunchTests.swift; sourceTree = "<group>"; };
		B3A94E3628D9B51700BA2CD6 /* Artists-app-Bridging-Header.h */ = {isa = PBXFileReference; lastKnownFileType = sourcecode.c.h; path = "Artists-app-Bridging-Header.h"; sourceTree = "<group>"; };
		B3A94E3728D9B51800BA2CD6 /* FMDatabaseQueue.h */ = {isa = PBXFileReference; fileEncoding = 4; lastKnownFileType = sourcecode.c.h; path = FMDatabaseQueue.h; sourceTree = "<group>"; };
		B3A94E3828D9B51800BA2CD6 /* FMDatabaseAdditions.h */ = {isa = PBXFileReference; fileEncoding = 4; lastKnownFileType = sourcecode.c.h; path = FMDatabaseAdditions.h; sourceTree = "<group>"; };
		B3A94E3928D9B51800BA2CD6 /* FMDatabaseAdditions.m */ = {isa = PBXFileReference; fileEncoding = 4; lastKnownFileType = sourcecode.c.objc; path = FMDatabaseAdditions.m; sourceTree = "<group>"; };
		B3A94E3A28D9B51800BA2CD6 /* FMDatabasePool.h */ = {isa = PBXFileReference; fileEncoding = 4; lastKnownFileType = sourcecode.c.h; path = FMDatabasePool.h; sourceTree = "<group>"; };
		B3A94E3B28D9B51800BA2CD6 /* FMDatabase.h */ = {isa = PBXFileReference; fileEncoding = 4; lastKnownFileType = sourcecode.c.h; path = FMDatabase.h; sourceTree = "<group>"; };
		B3A94E3C28D9B51800BA2CD6 /* FMDatabase.m */ = {isa = PBXFileReference; fileEncoding = 4; lastKnownFileType = sourcecode.c.objc; path = FMDatabase.m; sourceTree = "<group>"; };
		B3A94E3D28D9B51800BA2CD6 /* FMResultSet.h */ = {isa = PBXFileReference; fileEncoding = 4; lastKnownFileType = sourcecode.c.h; path = FMResultSet.h; sourceTree = "<group>"; };
		B3A94E3E28D9B51800BA2CD6 /* FMDB.h */ = {isa = PBXFileReference; fileEncoding = 4; lastKnownFileType = sourcecode.c.h; path = FMDB.h; sourceTree = "<group>"; };
		B3A94E3F28D9B51800BA2CD6 /* bayrakquiz.sqlite */ = {isa = PBXFileReference; lastKnownFileType = file; path = bayrakquiz.sqlite; sourceTree = "<group>"; };
		B3A94E4028D9B51800BA2CD6 /* FMDatabasePool.m */ = {isa = PBXFileReference; fileEncoding = 4; lastKnownFileType = sourcecode.c.objc; path = FMDatabasePool.m; sourceTree = "<group>"; };
		B3A94E4128D9B51800BA2CD6 /* FMResultSet.m */ = {isa = PBXFileReference; fileEncoding = 4; lastKnownFileType = sourcecode.c.objc; path = FMResultSet.m; sourceTree = "<group>"; };
		B3A94E4228D9B51800BA2CD6 /* FMDatabaseQueue.m */ = {isa = PBXFileReference; fileEncoding = 4; lastKnownFileType = sourcecode.c.objc; path = FMDatabaseQueue.m; sourceTree = "<group>"; };
		B3A94E4928D9B54800BA2CD6 /* artists.sqlite */ = {isa = PBXFileReference; lastKnownFileType = file; path = artists.sqlite; sourceTree = "<group>"; };
		B3A94E4B28D9B5CC00BA2CD6 /* QuizScreenViewController.swift */ = {isa = PBXFileReference; lastKnownFileType = sourcecode.swift; path = QuizScreenViewController.swift; sourceTree = "<group>"; };
		B3A94E4D28D9B5EC00BA2CD6 /* ResultScreenViewController.swift */ = {isa = PBXFileReference; lastKnownFileType = sourcecode.swift; path = ResultScreenViewController.swift; sourceTree = "<group>"; };
		B3A94E4F28D9DE6900BA2CD6 /* Artists.swift */ = {isa = PBXFileReference; lastKnownFileType = sourcecode.swift; path = Artists.swift; sourceTree = "<group>"; };
		B3A94E5128D9DEB200BA2CD6 /* Artistsdao.swift */ = {isa = PBXFileReference; lastKnownFileType = sourcecode.swift; path = Artistsdao.swift; sourceTree = "<group>"; };
/* End PBXFileReference section */

/* Begin PBXFrameworksBuildPhase section */
		B3A94E0028D9B1AA00BA2CD6 /* Frameworks */ = {
			isa = PBXFrameworksBuildPhase;
			buildActionMask = 2147483647;
			files = (
			);
			runOnlyForDeploymentPostprocessing = 0;
		};
		B3A94E1628D9B1AC00BA2CD6 /* Frameworks */ = {
			isa = PBXFrameworksBuildPhase;
			buildActionMask = 2147483647;
			files = (
			);
			runOnlyForDeploymentPostprocessing = 0;
		};
		B3A94E2028D9B1AC00BA2CD6 /* Frameworks */ = {
			isa = PBXFrameworksBuildPhase;
			buildActionMask = 2147483647;
			files = (
			);
			runOnlyForDeploymentPostprocessing = 0;
		};
/* End PBXFrameworksBuildPhase section */

/* Begin PBXGroup section */
		B3A94DFA28D9B1AA00BA2CD6 = {
			isa = PBXGroup;
			children = (
				B3A94E0528D9B1AA00BA2CD6 /* Artists-app */,
				B3A94E1C28D9B1AC00BA2CD6 /* Artists-appTests */,
				B3A94E2628D9B1AC00BA2CD6 /* Artists-appUITests */,
				B3A94E0428D9B1AA00BA2CD6 /* Products */,
			);
			sourceTree = "<group>";
		};
		B3A94E0428D9B1AA00BA2CD6 /* Products */ = {
			isa = PBXGroup;
			children = (
				B3A94E0328D9B1AA00BA2CD6 /* Artists-app.app */,
				B3A94E1928D9B1AC00BA2CD6 /* Artists-appTests.xctest */,
				B3A94E2328D9B1AC00BA2CD6 /* Artists-appUITests.xctest */,
			);
			name = Products;
			sourceTree = "<group>";
		};
		B3A94E0528D9B1AA00BA2CD6 /* Artists-app */ = {
			isa = PBXGroup;
			children = (
				B3A94E0628D9B1AA00BA2CD6 /* AppDelegate.swift */,
				B3A94E0828D9B1AA00BA2CD6 /* SceneDelegate.swift */,
				B3A94E0A28D9B1AA00BA2CD6 /* ViewController.swift */,
				B3A94E4B28D9B5CC00BA2CD6 /* QuizScreenViewController.swift */,
				B3A94E4D28D9B5EC00BA2CD6 /* ResultScreenViewController.swift */,
				B3A94E0C28D9B1AA00BA2CD6 /* Main.storyboard */,
				B3A94E0F28D9B1AB00BA2CD6 /* Assets.xcassets */,
				B3A94E1128D9B1AB00BA2CD6 /* LaunchScreen.storyboard */,
				B3A94E1428D9B1AB00BA2CD6 /* Info.plist */,
				B3A94E3F28D9B51800BA2CD6 /* bayrakquiz.sqlite */,
				B3A94E3B28D9B51800BA2CD6 /* FMDatabase.h */,
				B3A94E3C28D9B51800BA2CD6 /* FMDatabase.m */,
				B3A94E3828D9B51800BA2CD6 /* FMDatabaseAdditions.h */,
				B3A94E3928D9B51800BA2CD6 /* FMDatabaseAdditions.m */,
				B3A94E3A28D9B51800BA2CD6 /* FMDatabasePool.h */,
				B3A94E4028D9B51800BA2CD6 /* FMDatabasePool.m */,
				B3A94E3728D9B51800BA2CD6 /* FMDatabaseQueue.h */,
				B3A94E4228D9B51800BA2CD6 /* FMDatabaseQueue.m */,
				B3A94E3E28D9B51800BA2CD6 /* FMDB.h */,
				B3A94E3D28D9B51800BA2CD6 /* FMResultSet.h */,
				B3A94E4128D9B51800BA2CD6 /* FMResultSet.m */,
				B3A94E3628D9B51700BA2CD6 /* Artists-app-Bridging-Header.h */,
				B3A94E4928D9B54800BA2CD6 /* artists.sqlite */,
				B3A94E4F28D9DE6900BA2CD6 /* Artists.swift */,
				B3A94E5128D9DEB200BA2CD6 /* Artistsdao.swift */,
			);
			path = "Artists-app";
			sourceTree = "<group>";
		};
		B3A94E1C28D9B1AC00BA2CD6 /* Artists-appTests */ = {
			isa = PBXGroup;
			children = (
				B3A94E1D28D9B1AC00BA2CD6 /* Artists_appTests.swift */,
			);
			path = "Artists-appTests";
			sourceTree = "<group>";
		};
		B3A94E2628D9B1AC00BA2CD6 /* Artists-appUITests */ = {
			isa = PBXGroup;
			children = (
				B3A94E2728D9B1AC00BA2CD6 /* Artists_appUITests.swift */,
				B3A94E2928D9B1AC00BA2CD6 /* Artists_appUITestsLaunchTests.swift */,
			);
			path = "Artists-appUITests";
			sourceTree = "<group>";
		};
/* End PBXGroup section */

/* Begin PBXNativeTarget section */
		B3A94E0228D9B1AA00BA2CD6 /* Artists-app */ = {
			isa = PBXNativeTarget;
			buildConfigurationList = B3A94E2D28D9B1AC00BA2CD6 /* Build configuration list for PBXNativeTarget "Artists-app" */;
			buildPhases = (
				B3A94DFF28D9B1AA00BA2CD6 /* Sources */,
				B3A94E0028D9B1AA00BA2CD6 /* Frameworks */,
				B3A94E0128D9B1AA00BA2CD6 /* Resources */,
			);
			buildRules = (
			);
			dependencies = (
			);
			name = "Artists-app";
			productName = "Artists-app";
			productReference = B3A94E0328D9B1AA00BA2CD6 /* Artists-app.app */;
			productType = "com.apple.product-type.application";
		};
		B3A94E1828D9B1AC00BA2CD6 /* Artists-appTests */ = {
			isa = PBXNativeTarget;
			buildConfigurationList = B3A94E3028D9B1AC00BA2CD6 /* Build configuration list for PBXNativeTarget "Artists-appTests" */;
			buildPhases = (
				B3A94E1528D9B1AC00BA2CD6 /* Sources */,
				B3A94E1628D9B1AC00BA2CD6 /* Frameworks */,
				B3A94E1728D9B1AC00BA2CD6 /* Resources */,
			);
			buildRules = (
			);
			dependencies = (
				B3A94E1B28D9B1AC00BA2CD6 /* PBXTargetDependency */,
			);
			name = "Artists-appTests";
			productName = "Artists-appTests";
			productReference = B3A94E1928D9B1AC00BA2CD6 /* Artists-appTests.xctest */;
			productType = "com.apple.product-type.bundle.unit-test";
		};
		B3A94E2228D9B1AC00BA2CD6 /* Artists-appUITests */ = {
			isa = PBXNativeTarget;
			buildConfigurationList = B3A94E3328D9B1AC00BA2CD6 /* Build configuration list for PBXNativeTarget "Artists-appUITests" */;
			buildPhases = (
				B3A94E1F28D9B1AC00BA2CD6 /* Sources */,
				B3A94E2028D9B1AC00BA2CD6 /* Frameworks */,
				B3A94E2128D9B1AC00BA2CD6 /* Resources */,
			);
			buildRules = (
			);
			dependencies = (
				B3A94E2528D9B1AC00BA2CD6 /* PBXTargetDependency */,
			);
			name = "Artists-appUITests";
			productName = "Artists-appUITests";
			productReference = B3A94E2328D9B1AC00BA2CD6 /* Artists-appUITests.xctest */;
			productType = "com.apple.product-type.bundle.ui-testing";
		};
/* End PBXNativeTarget section */

/* Begin PBXProject section */
		B3A94DFB28D9B1AA00BA2CD6 /* Project object */ = {
			isa = PBXProject;
			attributes = {
				BuildIndependentTargetsInParallel = 1;
				LastSwiftUpdateCheck = 1320;
				LastUpgradeCheck = 1320;
				TargetAttributes = {
					B3A94E0228D9B1AA00BA2CD6 = {
						CreatedOnToolsVersion = 13.2.1;
						LastSwiftMigration = 1320;
					};
					B3A94E1828D9B1AC00BA2CD6 = {
						CreatedOnToolsVersion = 13.2.1;
						TestTargetID = B3A94E0228D9B1AA00BA2CD6;
					};
					B3A94E2228D9B1AC00BA2CD6 = {
						CreatedOnToolsVersion = 13.2.1;
						TestTargetID = B3A94E0228D9B1AA00BA2CD6;
					};
				};
			};
			buildConfigurationList = B3A94DFE28D9B1AA00BA2CD6 /* Build configuration list for PBXProject "Artists-app" */;
			compatibilityVersion = "Xcode 13.0";
			developmentRegion = en;
			hasScannedForEncodings = 0;
			knownRegions = (
				en,
				Base,
			);
			mainGroup = B3A94DFA28D9B1AA00BA2CD6;
			productRefGroup = B3A94E0428D9B1AA00BA2CD6 /* Products */;
			projectDirPath = "";
			projectRoot = "";
			targets = (
				B3A94E0228D9B1AA00BA2CD6 /* Artists-app */,
				B3A94E1828D9B1AC00BA2CD6 /* Artists-appTests */,
				B3A94E2228D9B1AC00BA2CD6 /* Artists-appUITests */,
			);
		};
/* End PBXProject section */

/* Begin PBXResourcesBuildPhase section */
		B3A94E0128D9B1AA00BA2CD6 /* Resources */ = {
			isa = PBXResourcesBuildPhase;
			buildActionMask = 2147483647;
			files = (
				B3A94E4528D9B51800BA2CD6 /* bayrakquiz.sqlite in Resources */,
				B3A94E4A28D9B54800BA2CD6 /* artists.sqlite in Resources */,
				B3A94E1328D9B1AB00BA2CD6 /* LaunchScreen.storyboard in Resources */,
				B3A94E1028D9B1AB00BA2CD6 /* Assets.xcassets in Resources */,
				B3A94E0E28D9B1AA00BA2CD6 /* Main.storyboard in Resources */,
			);
			runOnlyForDeploymentPostprocessing = 0;
		};
		B3A94E1728D9B1AC00BA2CD6 /* Resources */ = {
			isa = PBXResourcesBuildPhase;
			buildActionMask = 2147483647;
			files = (
			);
			runOnlyForDeploymentPostprocessing = 0;
		};
		B3A94E2128D9B1AC00BA2CD6 /* Resources */ = {
			isa = PBXResourcesBuildPhase;
			buildActionMask = 2147483647;
			files = (
			);
			runOnlyForDeploymentPostprocessing = 0;
		};
/* End PBXResourcesBuildPhase section */

/* Begin PBXSourcesBuildPhase section */
		B3A94DFF28D9B1AA00BA2CD6 /* Sources */ = {
			isa = PBXSourcesBuildPhase;
			buildActionMask = 2147483647;
			files = (
				B3A94E0B28D9B1AA00BA2CD6 /* ViewController.swift in Sources */,
				B3A94E4828D9B51800BA2CD6 /* FMDatabaseQueue.m in Sources */,
				B3A94E4628D9B51800BA2CD6 /* FMDatabasePool.m in Sources */,
				B3A94E4728D9B51800BA2CD6 /* FMResultSet.m in Sources */,
				B3A94E5028D9DE6900BA2CD6 /* Artists.swift in Sources */,
				B3A94E5228D9DEB200BA2CD6 /* Artistsdao.swift in Sources */,
				B3A94E4E28D9B5EC00BA2CD6 /* ResultScreenViewController.swift in Sources */,
				B3A94E0728D9B1AA00BA2CD6 /* AppDelegate.swift in Sources */,
				B3A94E0928D9B1AA00BA2CD6 /* SceneDelegate.swift in Sources */,
				B3A94E4428D9B51800BA2CD6 /* FMDatabase.m in Sources */,
				B3A94E4328D9B51800BA2CD6 /* FMDatabaseAdditions.m in Sources */,
				B3A94E4C28D9B5CC00BA2CD6 /* QuizScreenViewController.swift in Sources */,
			);
			runOnlyForDeploymentPostprocessing = 0;
		};
		B3A94E1528D9B1AC00BA2CD6 /* Sources */ = {
			isa = PBXSourcesBuildPhase;
			buildActionMask = 2147483647;
			files = (
				B3A94E1E28D9B1AC00BA2CD6 /* Artists_appTests.swift in Sources */,
			);
			runOnlyForDeploymentPostprocessing = 0;
		};
		B3A94E1F28D9B1AC00BA2CD6 /* Sources */ = {
			isa = PBXSourcesBuildPhase;
			buildActionMask = 2147483647;
			files = (
				B3A94E2828D9B1AC00BA2CD6 /* Artists_appUITests.swift in Sources */,
				B3A94E2A28D9B1AC00BA2CD6 /* Artists_appUITestsLaunchTests.swift in Sources */,
			);
			runOnlyForDeploymentPostprocessing = 0;
		};
/* End PBXSourcesBuildPhase section */

/* Begin PBXTargetDependency section */
		B3A94E1B28D9B1AC00BA2CD6 /* PBXTargetDependency */ = {
			isa = PBXTargetDependency;
			target = B3A94E0228D9B1AA00BA2CD6 /* Artists-app */;
			targetProxy = B3A94E1A28D9B1AC00BA2CD6 /* PBXContainerItemProxy */;
		};
		B3A94E2528D9B1AC00BA2CD6 /* PBXTargetDependency */ = {
			isa = PBXTargetDependency;
			target = B3A94E0228D9B1AA00BA2CD6 /* Artists-app */;
			targetProxy = B3A94E2428D9B1AC00BA2CD6 /* PBXContainerItemProxy */;
		};
/* End PBXTargetDependency section */

/* Begin PBXVariantGroup section */
		B3A94E0C28D9B1AA00BA2CD6 /* Main.storyboard */ = {
			isa = PBXVariantGroup;
			children = (
				B3A94E0D28D9B1AA00BA2CD6 /* Base */,
			);
			name = Main.storyboard;
			sourceTree = "<group>";
		};
		B3A94E1128D9B1AB00BA2CD6 /* LaunchScreen.storyboard */ = {
			isa = PBXVariantGroup;
			children = (
				B3A94E1228D9B1AB00BA2CD6 /* Base */,
			);
			name = LaunchScreen.storyboard;
			sourceTree = "<group>";
		};
/* End PBXVariantGroup section */

/* Begin XCBuildConfiguration section */
		B3A94E2B28D9B1AC00BA2CD6 /* Debug */ = {
			isa = XCBuildConfiguration;
			buildSettings = {
				ALWAYS_SEARCH_USER_PATHS = NO;
				CLANG_ANALYZER_NONNULL = YES;
				CLANG_ANALYZER_NUMBER_OBJECT_CONVERSION = YES_AGGRESSIVE;
				CLANG_CXX_LANGUAGE_STANDARD = "gnu++17";
				CLANG_CXX_LIBRARY = "libc++";
				CLANG_ENABLE_MODULES = YES;
				CLANG_ENABLE_OBJC_ARC = YES;
				CLANG_ENABLE_OBJC_WEAK = YES;
				CLANG_WARN_BLOCK_CAPTURE_AUTORELEASING = YES;
				CLANG_WARN_BOOL_CONVERSION = YES;
				CLANG_WARN_COMMA = YES;
				CLANG_WARN_CONSTANT_CONVERSION = YES;
				CLANG_WARN_DEPRECATED_OBJC_IMPLEMENTATIONS = YES;
				CLANG_WARN_DIRECT_OBJC_ISA_USAGE = YES_ERROR;
				CLANG_WARN_DOCUMENTATION_COMMENTS = YES;
				CLANG_WARN_EMPTY_BODY = YES;
				CLANG_WARN_ENUM_CONVERSION = YES;
				CLANG_WARN_INFINITE_RECURSION = YES;
				CLANG_WARN_INT_CONVERSION = YES;
				CLANG_WARN_NON_LITERAL_NULL_CONVERSION = YES;
				CLANG_WARN_OBJC_IMPLICIT_RETAIN_SELF = YES;
				CLANG_WARN_OBJC_LITERAL_CONVERSION = YES;
				CLANG_WARN_OBJC_ROOT_CLASS = YES_ERROR;
				CLANG_WARN_QUOTED_INCLUDE_IN_FRAMEWORK_HEADER = YES;
				CLANG_WARN_RANGE_LOOP_ANALYSIS = YES;
				CLANG_WARN_STRICT_PROTOTYPES = YES;
				CLANG_WARN_SUSPICIOUS_MOVE = YES;
				CLANG_WARN_UNGUARDED_AVAILABILITY = YES_AGGRESSIVE;
				CLANG_WARN_UNREACHABLE_CODE = YES;
				CLANG_WARN__DUPLICATE_METHOD_MATCH = YES;
				COPY_PHASE_STRIP = NO;
				DEBUG_INFORMATION_FORMAT = dwarf;
				ENABLE_STRICT_OBJC_MSGSEND = YES;
				ENABLE_TESTABILITY = YES;
				GCC_C_LANGUAGE_STANDARD = gnu11;
				GCC_DYNAMIC_NO_PIC = NO;
				GCC_NO_COMMON_BLOCKS = YES;
				GCC_OPTIMIZATION_LEVEL = 0;
				GCC_PREPROCESSOR_DEFINITIONS = (
					"DEBUG=1",
					"$(inherited)",
				);
				GCC_WARN_64_TO_32_BIT_CONVERSION = YES;
				GCC_WARN_ABOUT_RETURN_TYPE = YES_ERROR;
				GCC_WARN_UNDECLARED_SELECTOR = YES;
				GCC_WARN_UNINITIALIZED_AUTOS = YES_AGGRESSIVE;
				GCC_WARN_UNUSED_FUNCTION = YES;
				GCC_WARN_UNUSED_VARIABLE = YES;
				IPHONEOS_DEPLOYMENT_TARGET = 15.2;
				MTL_ENABLE_DEBUG_INFO = INCLUDE_SOURCE;
				MTL_FAST_MATH = YES;
				ONLY_ACTIVE_ARCH = YES;
				SDKROOT = iphoneos;
				SWIFT_ACTIVE_COMPILATION_CONDITIONS = DEBUG;
				SWIFT_OPTIMIZATION_LEVEL = "-Onone";
			};
			name = Debug;
		};
		B3A94E2C28D9B1AC00BA2CD6 /* Release */ = {
			isa = XCBuildConfiguration;
			buildSettings = {
				ALWAYS_SEARCH_USER_PATHS = NO;
				CLANG_ANALYZER_NONNULL = YES;
				CLANG_ANALYZER_NUMBER_OBJECT_CONVERSION = YES_AGGRESSIVE;
				CLANG_CXX_LANGUAGE_STANDARD = "gnu++17";
				CLANG_CXX_LIBRARY = "libc++";
				CLANG_ENABLE_MODULES = YES;
				CLANG_ENABLE_OBJC_ARC = YES;
				CLANG_ENABLE_OBJC_WEAK = YES;
				CLANG_WARN_BLOCK_CAPTURE_AUTORELEASING = YES;
				CLANG_WARN_BOOL_CONVERSION = YES;
				CLANG_WARN_COMMA = YES;
				CLANG_WARN_CONSTANT_CONVERSION = YES;
				CLANG_WARN_DEPRECATED_OBJC_IMPLEMENTATIONS = YES;
				CLANG_WARN_DIRECT_OBJC_ISA_USAGE = YES_ERROR;
				CLANG_WARN_DOCUMENTATION_COMMENTS = YES;
				CLANG_WARN_EMPTY_BODY = YES;
				CLANG_WARN_ENUM_CONVERSION = YES;
				CLANG_WARN_INFINITE_RECURSION = YES;
				CLANG_WARN_INT_CONVERSION = YES;
				CLANG_WARN_NON_LITERAL_NULL_CONVERSION = YES;
				CLANG_WARN_OBJC_IMPLICIT_RETAIN_SELF = YES;
				CLANG_WARN_OBJC_LITERAL_CONVERSION = YES;
				CLANG_WARN_OBJC_ROOT_CLASS = YES_ERROR;
				CLANG_WARN_QUOTED_INCLUDE_IN_FRAMEWORK_HEADER = YES;
				CLANG_WARN_RANGE_LOOP_ANALYSIS = YES;
				CLANG_WARN_STRICT_PROTOTYPES = YES;
				CLANG_WARN_SUSPICIOUS_MOVE = YES;
				CLANG_WARN_UNGUARDED_AVAILABILITY = YES_AGGRESSIVE;
				CLANG_WARN_UNREACHABLE_CODE = YES;
				CLANG_WARN__DUPLICATE_METHOD_MATCH = YES;
				COPY_PHASE_STRIP = NO;
				DEBUG_INFORMATION_FORMAT = "dwarf-with-dsym";
				ENABLE_NS_ASSERTIONS = NO;
				ENABLE_STRICT_OBJC_MSGSEND = YES;
				GCC_C_LANGUAGE_STANDARD = gnu11;
				GCC_NO_COMMON_BLOCKS = YES;
				GCC_WARN_64_TO_32_BIT_CONVERSION = YES;
				GCC_WARN_ABOUT_RETURN_TYPE = YES_ERROR;
				GCC_WARN_UNDECLARED_SELECTOR = YES;
				GCC_WARN_UNINITIALIZED_AUTOS = YES_AGGRESSIVE;
				GCC_WARN_UNUSED_FUNCTION = YES;
				GCC_WARN_UNUSED_VARIABLE = YES;
				IPHONEOS_DEPLOYMENT_TARGET = 15.2;
				MTL_ENABLE_DEBUG_INFO = NO;
				MTL_FAST_MATH = YES;
				SDKROOT = iphoneos;
				SWIFT_COMPILATION_MODE = wholemodule;
				SWIFT_OPTIMIZATION_LEVEL = "-O";
				VALIDATE_PRODUCT = YES;
			};
			name = Release;
		};
		B3A94E2E28D9B1AC00BA2CD6 /* Debug */ = {
			isa = XCBuildConfiguration;
			buildSettings = {
				ASSETCATALOG_COMPILER_APPICON_NAME = AppIcon;
				ASSETCATALOG_COMPILER_GLOBAL_ACCENT_COLOR_NAME = AccentColor;
				CLANG_ENABLE_MODULES = YES;
				CODE_SIGN_STYLE = Automatic;
				CURRENT_PROJECT_VERSION = 1;
				DEVELOPMENT_TEAM = 3VFN5926F6;
				GENERATE_INFOPLIST_FILE = YES;
				INFOPLIST_FILE = "Artists-app/Info.plist";
				INFOPLIST_KEY_UIApplicationSupportsIndirectInputEvents = YES;
				INFOPLIST_KEY_UILaunchStoryboardName = LaunchScreen;
				INFOPLIST_KEY_UIMainStoryboardFile = Main;
				INFOPLIST_KEY_UISupportedInterfaceOrientations_iPad = "UIInterfaceOrientationPortrait UIInterfaceOrientationPortraitUpsideDown UIInterfaceOrientationLandscapeLeft UIInterfaceOrientationLandscapeRight";
				INFOPLIST_KEY_UISupportedInterfaceOrientations_iPhone = "UIInterfaceOrientationPortrait UIInterfaceOrientationLandscapeLeft UIInterfaceOrientationLandscapeRight";
				LD_RUNPATH_SEARCH_PATHS = (
					"$(inherited)",
					"@executable_path/Frameworks",
				);
				MARKETING_VERSION = 1.0;
				PRODUCT_BUNDLE_IDENTIFIER = "com.senakurtak.Artists-app";
				PRODUCT_NAME = "$(TARGET_NAME)";
				SWIFT_EMIT_LOC_STRINGS = YES;
				SWIFT_OBJC_BRIDGING_HEADER = "Artists-app/Artists-app-Bridging-Header.h";
				SWIFT_OPTIMIZATION_LEVEL = "-Onone";
				SWIFT_VERSION = 5.0;
				TARGETED_DEVICE_FAMILY = "1,2";
			};
			name = Debug;
		};
		B3A94E2F28D9B1AC00BA2CD6 /* Release */ = {
			isa = XCBuildConfiguration;
			buildSettings = {
				ASSETCATALOG_COMPILER_APPICON_NAME = AppIcon;
				ASSETCATALOG_COMPILER_GLOBAL_ACCENT_COLOR_NAME = AccentColor;
				CLANG_ENABLE_MODULES = YES;
				CODE_SIGN_STYLE = Automatic;
				CURRENT_PROJECT_VERSION = 1;
				DEVELOPMENT_TEAM = 3VFN5926F6;
				GENERATE_INFOPLIST_FILE = YES;
				INFOPLIST_FILE = "Artists-app/Info.plist";
				INFOPLIST_KEY_UIApplicationSupportsIndirectInputEvents = YES;
				INFOPLIST_KEY_UILaunchStoryboardName = LaunchScreen;
				INFOPLIST_KEY_UIMainStoryboardFile = Main;
				INFOPLIST_KEY_UISupportedInterfaceOrientations_iPad = "UIInterfaceOrientationPortrait UIInterfaceOrientationPortraitUpsideDown UIInterfaceOrientationLandscapeLeft UIInterfaceOrientationLandscapeRight";
				INFOPLIST_KEY_UISupportedInterfaceOrientations_iPhone = "UIInterfaceOrientationPortrait UIInterfaceOrientationLandscapeLeft UIInterfaceOrientationLandscapeRight";
				LD_RUNPATH_SEARCH_PATHS = (
					"$(inherited)",
					"@executable_path/Frameworks",
				);
				MARKETING_VERSION = 1.0;
				PRODUCT_BUNDLE_IDENTIFIER = "com.senakurtak.Artists-app";
				PRODUCT_NAME = "$(TARGET_NAME)";
				SWIFT_EMIT_LOC_STRINGS = YES;
				SWIFT_OBJC_BRIDGING_HEADER = "Artists-app/Artists-app-Bridging-Header.h";
				SWIFT_VERSION = 5.0;
				TARGETED_DEVICE_FAMILY = "1,2";
			};
			name = Release;
		};
		B3A94E3128D9B1AC00BA2CD6 /* Debug */ = {
			isa = XCBuildConfiguration;
			buildSettings = {
				ALWAYS_EMBED_SWIFT_STANDARD_LIBRARIES = YES;
				BUNDLE_LOADER = "$(TEST_HOST)";
				CODE_SIGN_STYLE = Automatic;
				CURRENT_PROJECT_VERSION = 1;
				DEVELOPMENT_TEAM = 3VFN5926F6;
				GENERATE_INFOPLIST_FILE = YES;
				IPHONEOS_DEPLOYMENT_TARGET = 15.2;
				MARKETING_VERSION = 1.0;
				PRODUCT_BUNDLE_IDENTIFIER = "com.senakurtak.Artists-appTests";
				PRODUCT_NAME = "$(TARGET_NAME)";
				SWIFT_EMIT_LOC_STRINGS = NO;
				SWIFT_VERSION = 5.0;
				TARGETED_DEVICE_FAMILY = "1,2";
				TEST_HOST = "$(BUILT_PRODUCTS_DIR)/Artists-app.app/Artists-app";
			};
			name = Debug;
		};
		B3A94E3228D9B1AC00BA2CD6 /* Release */ = {
			isa = XCBuildConfiguration;
			buildSettings = {
				ALWAYS_EMBED_SWIFT_STANDARD_LIBRARIES = YES;
				BUNDLE_LOADER = "$(TEST_HOST)";
				CODE_SIGN_STYLE = Automatic;
				CURRENT_PROJECT_VERSION = 1;
				DEVELOPMENT_TEAM = 3VFN5926F6;
				GENERATE_INFOPLIST_FILE = YES;
				IPHONEOS_DEPLOYMENT_TARGET = 15.2;
				MARKETING_VERSION = 1.0;
				PRODUCT_BUNDLE_IDENTIFIER = "com.senakurtak.Artists-appTests";
				PRODUCT_NAME = "$(TARGET_NAME)";
				SWIFT_EMIT_LOC_STRINGS = NO;
				SWIFT_VERSION = 5.0;
				TARGETED_DEVICE_FAMILY = "1,2";
				TEST_HOST = "$(BUILT_PRODUCTS_DIR)/Artists-app.app/Artists-app";
			};
			name = Release;
		};
		B3A94E3428D9B1AC00BA2CD6 /* Debug */ = {
			isa = XCBuildConfiguration;
			buildSettings = {
				ALWAYS_EMBED_SWIFT_STANDARD_LIBRARIES = YES;
				CODE_SIGN_STYLE = Automatic;
				CURRENT_PROJECT_VERSION = 1;
				DEVELOPMENT_TEAM = 3VFN5926F6;
				GENERATE_INFOPLIST_FILE = YES;
				MARKETING_VERSION = 1.0;
				PRODUCT_BUNDLE_IDENTIFIER = "com.senakurtak.Artists-appUITests";
				PRODUCT_NAME = "$(TARGET_NAME)";
				SWIFT_EMIT_LOC_STRINGS = NO;
				SWIFT_VERSION = 5.0;
				TARGETED_DEVICE_FAMILY = "1,2";
				TEST_TARGET_NAME = "Artists-app";
			};
			name = Debug;
		};
		B3A94E3528D9B1AC00BA2CD6 /* Release */ = {
			isa = XCBuildConfiguration;
			buildSettings = {
				ALWAYS_EMBED_SWIFT_STANDARD_LIBRARIES = YES;
				CODE_SIGN_STYLE = Automatic;
				CURRENT_PROJECT_VERSION = 1;
				DEVELOPMENT_TEAM = 3VFN5926F6;
				GENERATE_INFOPLIST_FILE = YES;
				MARKETING_VERSION = 1.0;
				PRODUCT_BUNDLE_IDENTIFIER = "com.senakurtak.Artists-appUITests";
				PRODUCT_NAME = "$(TARGET_NAME)";
				SWIFT_EMIT_LOC_STRINGS = NO;
				SWIFT_VERSION = 5.0;
				TARGETED_DEVICE_FAMILY = "1,2";
				TEST_TARGET_NAME = "Artists-app";
			};
			name = Release;
		};
/* End XCBuildConfiguration section */

/* Begin XCConfigurationList section */
		B3A94DFE28D9B1AA00BA2CD6 /* Build configuration list for PBXProject "Artists-app" */ = {
			isa = XCConfigurationList;
			buildConfigurations = (
				B3A94E2B28D9B1AC00BA2CD6 /* Debug */,
				B3A94E2C28D9B1AC00BA2CD6 /* Release */,
			);
			defaultConfigurationIsVisible = 0;
			defaultConfigurationName = Release;
		};
		B3A94E2D28D9B1AC00BA2CD6 /* Build configuration list for PBXNativeTarget "Artists-app" */ = {
			isa = XCConfigurationList;
			buildConfigurations = (
				B3A94E2E28D9B1AC00BA2CD6 /* Debug */,
				B3A94E2F28D9B1AC00BA2CD6 /* Release */,
			);
			defaultConfigurationIsVisible = 0;
			defaultConfigurationName = Release;
		};
		B3A94E3028D9B1AC00BA2CD6 /* Build configuration list for PBXNativeTarget "Artists-appTests" */ = {
			isa = XCConfigurationList;
			buildConfigurations = (
				B3A94E3128D9B1AC00BA2CD6 /* Debug */,
				B3A94E3228D9B1AC00BA2CD6 /* Release */,
			);
			defaultConfigurationIsVisible = 0;
			defaultConfigurationName = Release;
		};
		B3A94E3328D9B1AC00BA2CD6 /* Build configuration list for PBXNativeTarget "Artists-appUITests" */ = {
			isa = XCConfigurationList;
			buildConfigurations = (
				B3A94E3428D9B1AC00BA2CD6 /* Debug */,
				B3A94E3528D9B1AC00BA2CD6 /* Release */,
			);
			defaultConfigurationIsVisible = 0;
			defaultConfigurationName = Release;
		};
/* End XCConfigurationList section */
	};
	rootObject = B3A94DFB28D9B1AA00BA2CD6 /* Project object */;
}
